// !$*UTF8*$!
{
	archiveVersion = 1;
	classes = {
	};
	objectVersion = 56;
	objects = {

/* Begin PBXBuildFile section */
		8321FD9F2B726EF3001B39F8 /* Facts.swift in Sources */ = {isa = PBXBuildFile; fileRef = 8321FD9E2B726EF3001B39F8 /* Facts.swift */; };
		8330EAC02B61169300B1E62F /* studentchallenge_1App.swift in Sources */ = {isa = PBXBuildFile; fileRef = 8330EABF2B61169300B1E62F /* studentchallenge_1App.swift */; };
		8330EAC22B61169300B1E62F /* ContentView.swift in Sources */ = {isa = PBXBuildFile; fileRef = 8330EAC12B61169300B1E62F /* ContentView.swift */; };
		8330EAC42B61169400B1E62F /* Assets.xcassets in Resources */ = {isa = PBXBuildFile; fileRef = 8330EAC32B61169400B1E62F /* Assets.xcassets */; };
		8330EAC82B61169400B1E62F /* Preview Assets.xcassets in Resources */ = {isa = PBXBuildFile; fileRef = 8330EAC72B61169400B1E62F /* Preview Assets.xcassets */; };
		8330EAD22B61169400B1E62F /* studentchallenge_1Tests.swift in Sources */ = {isa = PBXBuildFile; fileRef = 8330EAD12B61169400B1E62F /* studentchallenge_1Tests.swift */; };
		8330EADC2B61169400B1E62F /* studentchallenge_1UITests.swift in Sources */ = {isa = PBXBuildFile; fileRef = 8330EADB2B61169400B1E62F /* studentchallenge_1UITests.swift */; };
		8330EADE2B61169400B1E62F /* studentchallenge_1UITestsLaunchTests.swift in Sources */ = {isa = PBXBuildFile; fileRef = 8330EADD2B61169400B1E62F /* studentchallenge_1UITestsLaunchTests.swift */; };
		8330EAEC2B627EC500B1E62F /* Waste.swift in Sources */ = {isa = PBXBuildFile; fileRef = 8330EAEB2B627EC500B1E62F /* Waste.swift */; };
		836E21672B73BEEE00B451EC /* BackgroundIntroductionView.swift in Sources */ = {isa = PBXBuildFile; fileRef = 836E21662B73BEEE00B451EC /* BackgroundIntroductionView.swift */; };
		836E216C2B7A28A100B451EC /* FactsOverlay.swift in Sources */ = {isa = PBXBuildFile; fileRef = 836E216B2B7A28A100B451EC /* FactsOverlay.swift */; };
		83DF5CE02B66795F00CBA500 /* RecyclingLevel.swift in Sources */ = {isa = PBXBuildFile; fileRef = 83DF5CDF2B66795F00CBA500 /* RecyclingLevel.swift */; };
		83DF5CE22B66797100CBA500 /* FoodnGeneralLevel.swift in Sources */ = {isa = PBXBuildFile; fileRef = 83DF5CE12B66797100CBA500 /* FoodnGeneralLevel.swift */; };
		83FD77FF2B7E4AAC006D82BD /* SuccessOverlay.swift in Sources */ = {isa = PBXBuildFile; fileRef = 83FD77FE2B7E4AAC006D82BD /* SuccessOverlay.swift */; };
/* End PBXBuildFile section */

/* Begin PBXContainerItemProxy section */
		8330EACE2B61169400B1E62F /* PBXContainerItemProxy */ = {
			isa = PBXContainerItemProxy;
			containerPortal = 8330EAB42B61169300B1E62F /* Project object */;
			proxyType = 1;
			remoteGlobalIDString = 8330EABB2B61169300B1E62F;
			remoteInfo = "studentchallenge-1";
		};
		8330EAD82B61169400B1E62F /* PBXContainerItemProxy */ = {
			isa = PBXContainerItemProxy;
			containerPortal = 8330EAB42B61169300B1E62F /* Project object */;
			proxyType = 1;
			remoteGlobalIDString = 8330EABB2B61169300B1E62F;
			remoteInfo = "studentchallenge-1";
		};
/* End PBXContainerItemProxy section */

/* Begin PBXFileReference section */
		8321FD9E2B726EF3001B39F8 /* Facts.swift */ = {isa = PBXFileReference; lastKnownFileType = sourcecode.swift; path = Facts.swift; sourceTree = "<group>"; };
		8330EABC2B61169300B1E62F /* studentchallenge-1.app */ = {isa = PBXFileReference; explicitFileType = wrapper.application; includeInIndex = 0; path = "studentchallenge-1.app"; sourceTree = BUILT_PRODUCTS_DIR; };
		8330EABF2B61169300B1E62F /* studentchallenge_1App.swift */ = {isa = PBXFileReference; lastKnownFileType = sourcecode.swift; path = studentchallenge_1App.swift; sourceTree = "<group>"; };
		8330EAC12B61169300B1E62F /* ContentView.swift */ = {isa = PBXFileReference; lastKnownFileType = sourcecode.swift; path = ContentView.swift; sourceTree = "<group>"; };
		8330EAC32B61169400B1E62F /* Assets.xcassets */ = {isa = PBXFileReference; lastKnownFileType = folder.assetcatalog; path = Assets.xcassets; sourceTree = "<group>"; };
		8330EAC52B61169400B1E62F /* studentchallenge_1.entitlements */ = {isa = PBXFileReference; lastKnownFileType = text.plist.entitlements; path = studentchallenge_1.entitlements; sourceTree = "<group>"; };
		8330EAC72B61169400B1E62F /* Preview Assets.xcassets */ = {isa = PBXFileReference; lastKnownFileType = folder.assetcatalog; path = "Preview Assets.xcassets"; sourceTree = "<group>"; };
		8330EACD2B61169400B1E62F /* studentchallenge-1Tests.xctest */ = {isa = PBXFileReference; explicitFileType = wrapper.cfbundle; includeInIndex = 0; path = "studentchallenge-1Tests.xctest"; sourceTree = BUILT_PRODUCTS_DIR; };
		8330EAD12B61169400B1E62F /* studentchallenge_1Tests.swift */ = {isa = PBXFileReference; lastKnownFileType = sourcecode.swift; path = studentchallenge_1Tests.swift; sourceTree = "<group>"; };
		8330EAD72B61169400B1E62F /* studentchallenge-1UITests.xctest */ = {isa = PBXFileReference; explicitFileType = wrapper.cfbundle; includeInIndex = 0; path = "studentchallenge-1UITests.xctest"; sourceTree = BUILT_PRODUCTS_DIR; };
		8330EADB2B61169400B1E62F /* studentchallenge_1UITests.swift */ = {isa = PBXFileReference; lastKnownFileType = sourcecode.swift; path = studentchallenge_1UITests.swift; sourceTree = "<group>"; };
		8330EADD2B61169400B1E62F /* studentchallenge_1UITestsLaunchTests.swift */ = {isa = PBXFileReference; lastKnownFileType = sourcecode.swift; path = studentchallenge_1UITestsLaunchTests.swift; sourceTree = "<group>"; };
		8330EAEB2B627EC500B1E62F /* Waste.swift */ = {isa = PBXFileReference; lastKnownFileType = sourcecode.swift; path = Waste.swift; sourceTree = "<group>"; };
		836E21662B73BEEE00B451EC /* BackgroundIntroductionView.swift */ = {isa = PBXFileReference; lastKnownFileType = sourcecode.swift; path = BackgroundIntroductionView.swift; sourceTree = "<group>"; };
		836E216B2B7A28A100B451EC /* FactsOverlay.swift */ = {isa = PBXFileReference; lastKnownFileType = sourcecode.swift; path = FactsOverlay.swift; sourceTree = "<group>"; };
		83DF5CDF2B66795F00CBA500 /* RecyclingLevel.swift */ = {isa = PBXFileReference; lastKnownFileType = sourcecode.swift; path = RecyclingLevel.swift; sourceTree = "<group>"; };
		83DF5CE12B66797100CBA500 /* FoodnGeneralLevel.swift */ = {isa = PBXFileReference; lastKnownFileType = sourcecode.swift; path = FoodnGeneralLevel.swift; sourceTree = "<group>"; };
		83FD77FE2B7E4AAC006D82BD /* SuccessOverlay.swift */ = {isa = PBXFileReference; lastKnownFileType = sourcecode.swift; path = SuccessOverlay.swift; sourceTree = "<group>"; };
/* End PBXFileReference section */

/* Begin PBXFrameworksBuildPhase section */
		8330EAB92B61169300B1E62F /* Frameworks */ = {
			isa = PBXFrameworksBuildPhase;
			buildActionMask = 2147483647;
			files = (
			);
			runOnlyForDeploymentPostprocessing = 0;
		};
		8330EACA2B61169400B1E62F /* Frameworks */ = {
			isa = PBXFrameworksBuildPhase;
			buildActionMask = 2147483647;
			files = (
			);
			runOnlyForDeploymentPostprocessing = 0;
		};
		8330EAD42B61169400B1E62F /* Frameworks */ = {
			isa = PBXFrameworksBuildPhase;
			buildActionMask = 2147483647;
			files = (
			);
			runOnlyForDeploymentPostprocessing = 0;
		};
/* End PBXFrameworksBuildPhase section */

/* Begin PBXGroup section */
		8330EAB32B61169300B1E62F = {
			isa = PBXGroup;
			children = (
				8330EABE2B61169300B1E62F /* studentchallenge-1 */,
				8330EAD02B61169400B1E62F /* studentchallenge-1Tests */,
				8330EADA2B61169400B1E62F /* studentchallenge-1UITests */,
				8330EABD2B61169300B1E62F /* Products */,
			);
			sourceTree = "<group>";
		};
		8330EABD2B61169300B1E62F /* Products */ = {
			isa = PBXGroup;
			children = (
				8330EABC2B61169300B1E62F /* studentchallenge-1.app */,
				8330EACD2B61169400B1E62F /* studentchallenge-1Tests.xctest */,
				8330EAD72B61169400B1E62F /* studentchallenge-1UITests.xctest */,
			);
			name = Products;
			sourceTree = "<group>";
		};
		8330EABE2B61169300B1E62F /* studentchallenge-1 */ = {
			isa = PBXGroup;
			children = (
				836E216A2B7A1B6B00B451EC /* Data */,
				8330EABF2B61169300B1E62F /* studentchallenge_1App.swift */,
				8330EAC12B61169300B1E62F /* ContentView.swift */,
				83DF5CDF2B66795F00CBA500 /* RecyclingLevel.swift */,
				83DF5CE12B66797100CBA500 /* FoodnGeneralLevel.swift */,
				836E21662B73BEEE00B451EC /* BackgroundIntroductionView.swift */,
				8330EAC32B61169400B1E62F /* Assets.xcassets */,
				8330EAC52B61169400B1E62F /* studentchallenge_1.entitlements */,
				836E216B2B7A28A100B451EC /* FactsOverlay.swift */,
				83FD77FE2B7E4AAC006D82BD /* SuccessOverlay.swift */,
				8330EAC62B61169400B1E62F /* Preview Content */,
			);
			path = "studentchallenge-1";
			sourceTree = "<group>";
		};
		8330EAC62B61169400B1E62F /* Preview Content */ = {
			isa = PBXGroup;
			children = (
				8330EAC72B61169400B1E62F /* Preview Assets.xcassets */,
			);
			path = "Preview Content";
			sourceTree = "<group>";
		};
		8330EAD02B61169400B1E62F /* studentchallenge-1Tests */ = {
			isa = PBXGroup;
			children = (
				8330EAD12B61169400B1E62F /* studentchallenge_1Tests.swift */,
			);
			path = "studentchallenge-1Tests";
			sourceTree = "<group>";
		};
		8330EADA2B61169400B1E62F /* studentchallenge-1UITests */ = {
			isa = PBXGroup;
			children = (
				8330EADB2B61169400B1E62F /* studentchallenge_1UITests.swift */,
				8330EADD2B61169400B1E62F /* studentchallenge_1UITestsLaunchTests.swift */,
			);
			path = "studentchallenge-1UITests";
			sourceTree = "<group>";
		};
		836E216A2B7A1B6B00B451EC /* Data */ = {
			isa = PBXGroup;
			children = (
				8330EAEB2B627EC500B1E62F /* Waste.swift */,
				8321FD9E2B726EF3001B39F8 /* Facts.swift */,
			);
			path = Data;
			sourceTree = "<group>";
		};
/* End PBXGroup section */

/* Begin PBXNativeTarget section */
		8330EABB2B61169300B1E62F /* studentchallenge-1 */ = {
			isa = PBXNativeTarget;
			buildConfigurationList = 8330EAE12B61169400B1E62F /* Build configuration list for PBXNativeTarget "studentchallenge-1" */;
			buildPhases = (
				8330EAB82B61169300B1E62F /* Sources */,
				8330EAB92B61169300B1E62F /* Frameworks */,
				8330EABA2B61169300B1E62F /* Resources */,
			);
			buildRules = (
			);
			dependencies = (
			);
			name = "studentchallenge-1";
			productName = "studentchallenge-1";
			productReference = 8330EABC2B61169300B1E62F /* studentchallenge-1.app */;
			productType = "com.apple.product-type.application";
		};
		8330EACC2B61169400B1E62F /* studentchallenge-1Tests */ = {
			isa = PBXNativeTarget;
			buildConfigurationList = 8330EAE42B61169400B1E62F /* Build configuration list for PBXNativeTarget "studentchallenge-1Tests" */;
			buildPhases = (
				8330EAC92B61169400B1E62F /* Sources */,
				8330EACA2B61169400B1E62F /* Frameworks */,
				8330EACB2B61169400B1E62F /* Resources */,
			);
			buildRules = (
			);
			dependencies = (
				8330EACF2B61169400B1E62F /* PBXTargetDependency */,
			);
			name = "studentchallenge-1Tests";
			productName = "studentchallenge-1Tests";
			productReference = 8330EACD2B61169400B1E62F /* studentchallenge-1Tests.xctest */;
			productType = "com.apple.product-type.bundle.unit-test";
		};
		8330EAD62B61169400B1E62F /* studentchallenge-1UITests */ = {
			isa = PBXNativeTarget;
			buildConfigurationList = 8330EAE72B61169400B1E62F /* Build configuration list for PBXNativeTarget "studentchallenge-1UITests" */;
			buildPhases = (
				8330EAD32B61169400B1E62F /* Sources */,
				8330EAD42B61169400B1E62F /* Frameworks */,
				8330EAD52B61169400B1E62F /* Resources */,
			);
			buildRules = (
			);
			dependencies = (
				8330EAD92B61169400B1E62F /* PBXTargetDependency */,
			);
			name = "studentchallenge-1UITests";
			productName = "studentchallenge-1UITests";
			productReference = 8330EAD72B61169400B1E62F /* studentchallenge-1UITests.xctest */;
			productType = "com.apple.product-type.bundle.ui-testing";
		};
/* End PBXNativeTarget section */

/* Begin PBXProject section */
		8330EAB42B61169300B1E62F /* Project object */ = {
			isa = PBXProject;
			attributes = {
				BuildIndependentTargetsInParallel = 1;
				LastSwiftUpdateCheck = 1430;
				LastUpgradeCheck = 1430;
				TargetAttributes = {
					8330EABB2B61169300B1E62F = {
						CreatedOnToolsVersion = 14.3.1;
					};
					8330EACC2B61169400B1E62F = {
						CreatedOnToolsVersion = 14.3.1;
						TestTargetID = 8330EABB2B61169300B1E62F;
					};
					8330EAD62B61169400B1E62F = {
						CreatedOnToolsVersion = 14.3.1;
						TestTargetID = 8330EABB2B61169300B1E62F;
					};
				};
			};
			buildConfigurationList = 8330EAB72B61169300B1E62F /* Build configuration list for PBXProject "studentchallenge-1" */;
			compatibilityVersion = "Xcode 14.0";
			developmentRegion = en;
			hasScannedForEncodings = 0;
			knownRegions = (
				en,
				Base,
			);
			mainGroup = 8330EAB32B61169300B1E62F;
			productRefGroup = 8330EABD2B61169300B1E62F /* Products */;
			projectDirPath = "";
			projectRoot = "";
			targets = (
				8330EABB2B61169300B1E62F /* studentchallenge-1 */,
				8330EACC2B61169400B1E62F /* studentchallenge-1Tests */,
				8330EAD62B61169400B1E62F /* studentchallenge-1UITests */,
			);
		};
/* End PBXProject section */

/* Begin PBXResourcesBuildPhase section */
		8330EABA2B61169300B1E62F /* Resources */ = {
			isa = PBXResourcesBuildPhase;
			buildActionMask = 2147483647;
			files = (
				8330EAC82B61169400B1E62F /* Preview Assets.xcassets in Resources */,
				8330EAC42B61169400B1E62F /* Assets.xcassets in Resources */,
			);
			runOnlyForDeploymentPostprocessing = 0;
		};
		8330EACB2B61169400B1E62F /* Resources */ = {
			isa = PBXResourcesBuildPhase;
			buildActionMask = 2147483647;
			files = (
			);
			runOnlyForDeploymentPostprocessing = 0;
		};
		8330EAD52B61169400B1E62F /* Resources */ = {
			isa = PBXResourcesBuildPhase;
			buildActionMask = 2147483647;
			files = (
			);
			runOnlyForDeploymentPostprocessing = 0;
		};
/* End PBXResourcesBuildPhase section */

/* Begin PBXSourcesBuildPhase section */
		8330EAB82B61169300B1E62F /* Sources */ = {
			isa = PBXSourcesBuildPhase;
			buildActionMask = 2147483647;
			files = (
				836E216C2B7A28A100B451EC /* FactsOverlay.swift in Sources */,
				83DF5CE22B66797100CBA500 /* FoodnGeneralLevel.swift in Sources */,
				8321FD9F2B726EF3001B39F8 /* Facts.swift in Sources */,
				8330EAC22B61169300B1E62F /* ContentView.swift in Sources */,
				8330EAC02B61169300B1E62F /* studentchallenge_1App.swift in Sources */,
				836E21672B73BEEE00B451EC /* BackgroundIntroductionView.swift in Sources */,
				8330EAEC2B627EC500B1E62F /* Waste.swift in Sources */,
				83FD77FF2B7E4AAC006D82BD /* SuccessOverlay.swift in Sources */,
				83DF5CE02B66795F00CBA500 /* RecyclingLevel.swift in Sources */,
			);
			runOnlyForDeploymentPostprocessing = 0;
		};
		8330EAC92B61169400B1E62F /* Sources */ = {
			isa = PBXSourcesBuildPhase;
			buildActionMask = 2147483647;
			files = (
				8330EAD22B61169400B1E62F /* studentchallenge_1Tests.swift in Sources */,
			);
			runOnlyForDeploymentPostprocessing = 0;
		};
		8330EAD32B61169400B1E62F /* Sources */ = {
			isa = PBXSourcesBuildPhase;
			buildActionMask = 2147483647;
			files = (
				8330EADE2B61169400B1E62F /* studentchallenge_1UITestsLaunchTests.swift in Sources */,
				8330EADC2B61169400B1E62F /* studentchallenge_1UITests.swift in Sources */,
			);
			runOnlyForDeploymentPostprocessing = 0;
		};
/* End PBXSourcesBuildPhase section */

/* Begin PBXTargetDependency section */
		8330EACF2B61169400B1E62F /* PBXTargetDependency */ = {
			isa = PBXTargetDependency;
			target = 8330EABB2B61169300B1E62F /* studentchallenge-1 */;
			targetProxy = 8330EACE2B61169400B1E62F /* PBXContainerItemProxy */;
		};
		8330EAD92B61169400B1E62F /* PBXTargetDependency */ = {
			isa = PBXTargetDependency;
			target = 8330EABB2B61169300B1E62F /* studentchallenge-1 */;
			targetProxy = 8330EAD82B61169400B1E62F /* PBXContainerItemProxy */;
		};
/* End PBXTargetDependency section */

/* Begin XCBuildConfiguration section */
		8330EADF2B61169400B1E62F /* Debug */ = {
			isa = XCBuildConfiguration;
			buildSettings = {
				ALWAYS_SEARCH_USER_PATHS = NO;
				CLANG_ANALYZER_NONNULL = YES;
				CLANG_ANALYZER_NUMBER_OBJECT_CONVERSION = YES_AGGRESSIVE;
				CLANG_CXX_LANGUAGE_STANDARD = "gnu++20";
				CLANG_ENABLE_MODULES = YES;
				CLANG_ENABLE_OBJC_ARC = YES;
				CLANG_ENABLE_OBJC_WEAK = YES;
				CLANG_WARN_BLOCK_CAPTURE_AUTORELEASING = YES;
				CLANG_WARN_BOOL_CONVERSION = YES;
				CLANG_WARN_COMMA = YES;
				CLANG_WARN_CONSTANT_CONVERSION = YES;
				CLANG_WARN_DEPRECATED_OBJC_IMPLEMENTATIONS = YES;
				CLANG_WARN_DIRECT_OBJC_ISA_USAGE = YES_ERROR;
				CLANG_WARN_DOCUMENTATION_COMMENTS = YES;
				CLANG_WARN_EMPTY_BODY = YES;
				CLANG_WARN_ENUM_CONVERSION = YES;
				CLANG_WARN_INFINITE_RECURSION = YES;
				CLANG_WARN_INT_CONVERSION = YES;
				CLANG_WARN_NON_LITERAL_NULL_CONVERSION = YES;
				CLANG_WARN_OBJC_IMPLICIT_RETAIN_SELF = YES;
				CLANG_WARN_OBJC_LITERAL_CONVERSION = YES;
				CLANG_WARN_OBJC_ROOT_CLASS = YES_ERROR;
				CLANG_WARN_QUOTED_INCLUDE_IN_FRAMEWORK_HEADER = YES;
				CLANG_WARN_RANGE_LOOP_ANALYSIS = YES;
				CLANG_WARN_STRICT_PROTOTYPES = YES;
				CLANG_WARN_SUSPICIOUS_MOVE = YES;
				CLANG_WARN_UNGUARDED_AVAILABILITY = YES_AGGRESSIVE;
				CLANG_WARN_UNREACHABLE_CODE = YES;
				CLANG_WARN__DUPLICATE_METHOD_MATCH = YES;
				COPY_PHASE_STRIP = NO;
				DEBUG_INFORMATION_FORMAT = dwarf;
				ENABLE_STRICT_OBJC_MSGSEND = YES;
				ENABLE_TESTABILITY = YES;
				GCC_C_LANGUAGE_STANDARD = gnu11;
				GCC_DYNAMIC_NO_PIC = NO;
				GCC_NO_COMMON_BLOCKS = YES;
				GCC_OPTIMIZATION_LEVEL = 0;
				GCC_PREPROCESSOR_DEFINITIONS = (
					"DEBUG=1",
					"$(inherited)",
				);
				GCC_WARN_64_TO_32_BIT_CONVERSION = YES;
				GCC_WARN_ABOUT_RETURN_TYPE = YES_ERROR;
				GCC_WARN_UNDECLARED_SELECTOR = YES;
				GCC_WARN_UNINITIALIZED_AUTOS = YES_AGGRESSIVE;
				GCC_WARN_UNUSED_FUNCTION = YES;
				GCC_WARN_UNUSED_VARIABLE = YES;
				MTL_ENABLE_DEBUG_INFO = INCLUDE_SOURCE;
				MTL_FAST_MATH = YES;
				ONLY_ACTIVE_ARCH = YES;
				SWIFT_ACTIVE_COMPILATION_CONDITIONS = DEBUG;
				SWIFT_OPTIMIZATION_LEVEL = "-Onone";
			};
			name = Debug;
		};
		8330EAE02B61169400B1E62F /* Release */ = {
			isa = XCBuildConfiguration;
			buildSettings = {
				ALWAYS_SEARCH_USER_PATHS = NO;
				CLANG_ANALYZER_NONNULL = YES;
				CLANG_ANALYZER_NUMBER_OBJECT_CONVERSION = YES_AGGRESSIVE;
				CLANG_CXX_LANGUAGE_STANDARD = "gnu++20";
				CLANG_ENABLE_MODULES = YES;
				CLANG_ENABLE_OBJC_ARC = YES;
				CLANG_ENABLE_OBJC_WEAK = YES;
				CLANG_WARN_BLOCK_CAPTURE_AUTORELEASING = YES;
				CLANG_WARN_BOOL_CONVERSION = YES;
				CLANG_WARN_COMMA = YES;
				CLANG_WARN_CONSTANT_CONVERSION = YES;
				CLANG_WARN_DEPRECATED_OBJC_IMPLEMENTATIONS = YES;
				CLANG_WARN_DIRECT_OBJC_ISA_USAGE = YES_ERROR;
				CLANG_WARN_DOCUMENTATION_COMMENTS = YES;
				CLANG_WARN_EMPTY_BODY = YES;
				CLANG_WARN_ENUM_CONVERSION = YES;
				CLANG_WARN_INFINITE_RECURSION = YES;
				CLANG_WARN_INT_CONVERSION = YES;
				CLANG_WARN_NON_LITERAL_NULL_CONVERSION = YES;
				CLANG_WARN_OBJC_IMPLICIT_RETAIN_SELF = YES;
				CLANG_WARN_OBJC_LITERAL_CONVERSION = YES;
				CLANG_WARN_OBJC_ROOT_CLASS = YES_ERROR;
				CLANG_WARN_QUOTED_INCLUDE_IN_FRAMEWORK_HEADER = YES;
				CLANG_WARN_RANGE_LOOP_ANALYSIS = YES;
				CLANG_WARN_STRICT_PROTOTYPES = YES;
				CLANG_WARN_SUSPICIOUS_MOVE = YES;
				CLANG_WARN_UNGUARDED_AVAILABILITY = YES_AGGRESSIVE;
				CLANG_WARN_UNREACHABLE_CODE = YES;
				CLANG_WARN__DUPLICATE_METHOD_MATCH = YES;
				COPY_PHASE_STRIP = NO;
				DEBUG_INFORMATION_FORMAT = "dwarf-with-dsym";
				ENABLE_NS_ASSERTIONS = NO;
				ENABLE_STRICT_OBJC_MSGSEND = YES;
				GCC_C_LANGUAGE_STANDARD = gnu11;
				GCC_NO_COMMON_BLOCKS = YES;
				GCC_WARN_64_TO_32_BIT_CONVERSION = YES;
				GCC_WARN_ABOUT_RETURN_TYPE = YES_ERROR;
				GCC_WARN_UNDECLARED_SELECTOR = YES;
				GCC_WARN_UNINITIALIZED_AUTOS = YES_AGGRESSIVE;
				GCC_WARN_UNUSED_FUNCTION = YES;
				GCC_WARN_UNUSED_VARIABLE = YES;
				MTL_ENABLE_DEBUG_INFO = NO;
				MTL_FAST_MATH = YES;
				SWIFT_COMPILATION_MODE = wholemodule;
				SWIFT_OPTIMIZATION_LEVEL = "-O";
			};
			name = Release;
		};
		8330EAE22B61169400B1E62F /* Debug */ = {
			isa = XCBuildConfiguration;
			buildSettings = {
				ASSETCATALOG_COMPILER_APPICON_NAME = AppIcon;
				ASSETCATALOG_COMPILER_GLOBAL_ACCENT_COLOR_NAME = AccentColor;
				CODE_SIGN_ENTITLEMENTS = "studentchallenge-1/studentchallenge_1.entitlements";
				CODE_SIGN_STYLE = Automatic;
				CURRENT_PROJECT_VERSION = 1;
				DEVELOPMENT_ASSET_PATHS = "\"studentchallenge-1/Preview Content\"";
				ENABLE_PREVIEWS = YES;
				GENERATE_INFOPLIST_FILE = YES;
				"INFOPLIST_KEY_UIApplicationSceneManifest_Generation[sdk=iphoneos*]" = YES;
				"INFOPLIST_KEY_UIApplicationSceneManifest_Generation[sdk=iphonesimulator*]" = YES;
				"INFOPLIST_KEY_UIApplicationSupportsIndirectInputEvents[sdk=iphoneos*]" = YES;
				"INFOPLIST_KEY_UIApplicationSupportsIndirectInputEvents[sdk=iphonesimulator*]" = YES;
				"INFOPLIST_KEY_UILaunchScreen_Generation[sdk=iphoneos*]" = YES;
				"INFOPLIST_KEY_UILaunchScreen_Generation[sdk=iphonesimulator*]" = YES;
				"INFOPLIST_KEY_UIStatusBarStyle[sdk=iphoneos*]" = UIStatusBarStyleDefault;
				"INFOPLIST_KEY_UIStatusBarStyle[sdk=iphonesimulator*]" = UIStatusBarStyleDefault;
				INFOPLIST_KEY_UISupportedInterfaceOrientations = "UIInterfaceOrientationLandscapeLeft UIInterfaceOrientationPortrait";
				INFOPLIST_KEY_UISupportedInterfaceOrientations_iPad = "UIInterfaceOrientationLandscapeLeft UIInterfaceOrientationLandscapeRight";
				IPHONEOS_DEPLOYMENT_TARGET = 16.4;
				LD_RUNPATH_SEARCH_PATHS = "@executable_path/Frameworks";
				"LD_RUNPATH_SEARCH_PATHS[sdk=macosx*]" = "@executable_path/../Frameworks";
				MACOSX_DEPLOYMENT_TARGET = 13.0;
				MARKETING_VERSION = 1.0;
				PRODUCT_BUNDLE_IDENTIFIER = "mjwproductions.studentchallenge-1";
				PRODUCT_NAME = "$(TARGET_NAME)";
				SDKROOT = auto;
				SUPPORTED_PLATFORMS = "iphoneos iphonesimulator macosx";
				SWIFT_EMIT_LOC_STRINGS = YES;
				SWIFT_VERSION = 5.0;
				TARGETED_DEVICE_FAMILY = "1,2";
			};
			name = Debug;
		};
		8330EAE32B61169400B1E62F /* Release */ = {
			isa = XCBuildConfiguration;
			buildSettings = {
				ASSETCATALOG_COMPILER_APPICON_NAME = AppIcon;
				ASSETCATALOG_COMPILER_GLOBAL_ACCENT_COLOR_NAME = AccentColor;
				CODE_SIGN_ENTITLEMENTS = "studentchallenge-1/studentchallenge_1.entitlements";
				CODE_SIGN_STYLE = Automatic;
				CURRENT_PROJECT_VERSION = 1;
				DEVELOPMENT_ASSET_PATHS = "\"studentchallenge-1/Preview Content\"";
				ENABLE_PREVIEWS = YES;
				GENERATE_INFOPLIST_FILE = YES;
				"INFOPLIST_KEY_UIApplicationSceneManifest_Generation[sdk=iphoneos*]" = YES;
				"INFOPLIST_KEY_UIApplicationSceneManifest_Generation[sdk=iphonesimulator*]" = YES;
				"INFOPLIST_KEY_UIApplicationSupportsIndirectInputEvents[sdk=iphoneos*]" = YES;
				"INFOPLIST_KEY_UIApplicationSupportsIndirectInputEvents[sdk=iphonesimulator*]" = YES;
				"INFOPLIST_KEY_UILaunchScreen_Generation[sdk=iphoneos*]" = YES;
				"INFOPLIST_KEY_UILaunchScreen_Generation[sdk=iphonesimulator*]" = YES;
				"INFOPLIST_KEY_UIStatusBarStyle[sdk=iphoneos*]" = UIStatusBarStyleDefault;
				"INFOPLIST_KEY_UIStatusBarStyle[sdk=iphonesimulator*]" = UIStatusBarStyleDefault;
				INFOPLIST_KEY_UISupportedInterfaceOrientations = "UIInterfaceOrientationLandscapeLeft UIInterfaceOrientationPortrait";
				INFOPLIST_KEY_UISupportedInterfaceOrientations_iPad = "UIInterfaceOrientationLandscapeLeft UIInterfaceOrientationLandscapeRight";
				IPHONEOS_DEPLOYMENT_TARGET = 16.4;
				LD_RUNPATH_SEARCH_PATHS = "@executable_path/Frameworks";
				"LD_RUNPATH_SEARCH_PATHS[sdk=macosx*]" = "@executable_path/../Frameworks";
				MACOSX_DEPLOYMENT_TARGET = 13.0;
				MARKETING_VERSION = 1.0;
				PRODUCT_BUNDLE_IDENTIFIER = "mjwproductions.studentchallenge-1";
				PRODUCT_NAME = "$(TARGET_NAME)";
				SDKROOT = auto;
				SUPPORTED_PLATFORMS = "iphoneos iphonesimulator macosx";
				SWIFT_EMIT_LOC_STRINGS = YES;
				SWIFT_VERSION = 5.0;
				TARGETED_DEVICE_FAMILY = "1,2";
			};
			name = Release;
		};
		8330EAE52B61169400B1E62F /* Debug */ = {
			isa = XCBuildConfiguration;
			buildSettings = {
				ALWAYS_EMBED_SWIFT_STANDARD_LIBRARIES = YES;
				BUNDLE_LOADER = "$(TEST_HOST)";
				CODE_SIGN_STYLE = Automatic;
				CURRENT_PROJECT_VERSION = 1;
				GENERATE_INFOPLIST_FILE = YES;
				IPHONEOS_DEPLOYMENT_TARGET = 16.4;
				MACOSX_DEPLOYMENT_TARGET = 13.0;
				MARKETING_VERSION = 1.0;
				PRODUCT_BUNDLE_IDENTIFIER = "mjwproductions.studentchallenge-1Tests";
				PRODUCT_NAME = "$(TARGET_NAME)";
				SDKROOT = auto;
				SUPPORTED_PLATFORMS = "iphoneos iphonesimulator macosx";
				SWIFT_EMIT_LOC_STRINGS = NO;
				SWIFT_VERSION = 5.0;
				TARGETED_DEVICE_FAMILY = "1,2";
				TEST_HOST = "$(BUILT_PRODUCTS_DIR)/studentchallenge-1.app/$(BUNDLE_EXECUTABLE_FOLDER_PATH)/studentchallenge-1";
			};
			name = Debug;
		};
		8330EAE62B61169400B1E62F /* Release */ = {
			isa = XCBuildConfiguration;
			buildSettings = {
				ALWAYS_EMBED_SWIFT_STANDARD_LIBRARIES = YES;
				BUNDLE_LOADER = "$(TEST_HOST)";
				CODE_SIGN_STYLE = Automatic;
				CURRENT_PROJECT_VERSION = 1;
				GENERATE_INFOPLIST_FILE = YES;
				IPHONEOS_DEPLOYMENT_TARGET = 16.4;
				MACOSX_DEPLOYMENT_TARGET = 13.0;
				MARKETING_VERSION = 1.0;
				PRODUCT_BUNDLE_IDENTIFIER = "mjwproductions.studentchallenge-1Tests";
				PRODUCT_NAME = "$(TARGET_NAME)";
				SDKROOT = auto;
				SUPPORTED_PLATFORMS = "iphoneos iphonesimulator macosx";
				SWIFT_EMIT_LOC_STRINGS = NO;
				SWIFT_VERSION = 5.0;
				TARGETED_DEVICE_FAMILY = "1,2";
				TEST_HOST = "$(BUILT_PRODUCTS_DIR)/studentchallenge-1.app/$(BUNDLE_EXECUTABLE_FOLDER_PATH)/studentchallenge-1";
			};
			name = Release;
		};
		8330EAE82B61169400B1E62F /* Debug */ = {
			isa = XCBuildConfiguration;
			buildSettings = {
				ALWAYS_EMBED_SWIFT_STANDARD_LIBRARIES = YES;
				CODE_SIGN_STYLE = Automatic;
				CURRENT_PROJECT_VERSION = 1;
				GENERATE_INFOPLIST_FILE = YES;
				IPHONEOS_DEPLOYMENT_TARGET = 16.4;
				MACOSX_DEPLOYMENT_TARGET = 13.0;
				MARKETING_VERSION = 1.0;
				PRODUCT_BUNDLE_IDENTIFIER = "mjwproductions.studentchallenge-1UITests";
				PRODUCT_NAME = "$(TARGET_NAME)";
				SDKROOT = auto;
				SUPPORTED_PLATFORMS = "iphoneos iphonesimulator macosx";
				SWIFT_EMIT_LOC_STRINGS = NO;
				SWIFT_VERSION = 5.0;
				TARGETED_DEVICE_FAMILY = "1,2";
				TEST_TARGET_NAME = "studentchallenge-1";
			};
			name = Debug;
		};
		8330EAE92B61169400B1E62F /* Release */ = {
			isa = XCBuildConfiguration;
			buildSettings = {
				ALWAYS_EMBED_SWIFT_STANDARD_LIBRARIES = YES;
				CODE_SIGN_STYLE = Automatic;
				CURRENT_PROJECT_VERSION = 1;
				GENERATE_INFOPLIST_FILE = YES;
				IPHONEOS_DEPLOYMENT_TARGET = 16.4;
				MACOSX_DEPLOYMENT_TARGET = 13.0;
				MARKETING_VERSION = 1.0;
				PRODUCT_BUNDLE_IDENTIFIER = "mjwproductions.studentchallenge-1UITests";
				PRODUCT_NAME = "$(TARGET_NAME)";
				SDKROOT = auto;
				SUPPORTED_PLATFORMS = "iphoneos iphonesimulator macosx";
				SWIFT_EMIT_LOC_STRINGS = NO;
				SWIFT_VERSION = 5.0;
				TARGETED_DEVICE_FAMILY = "1,2";
				TEST_TARGET_NAME = "studentchallenge-1";
			};
			name = Release;
		};
/* End XCBuildConfiguration section */

/* Begin XCConfigurationList section */
		8330EAB72B61169300B1E62F /* Build configuration list for PBXProject "studentchallenge-1" */ = {
			isa = XCConfigurationList;
			buildConfigurations = (
				8330EADF2B61169400B1E62F /* Debug */,
				8330EAE02B61169400B1E62F /* Release */,
			);
			defaultConfigurationIsVisible = 0;
			defaultConfigurationName = Release;
		};
		8330EAE12B61169400B1E62F /* Build configuration list for PBXNativeTarget "studentchallenge-1" */ = {
			isa = XCConfigurationList;
			buildConfigurations = (
				8330EAE22B61169400B1E62F /* Debug */,
				8330EAE32B61169400B1E62F /* Release */,
			);
			defaultConfigurationIsVisible = 0;
			defaultConfigurationName = Release;
		};
		8330EAE42B61169400B1E62F /* Build configuration list for PBXNativeTarget "studentchallenge-1Tests" */ = {
			isa = XCConfigurationList;
			buildConfigurations = (
				8330EAE52B61169400B1E62F /* Debug */,
				8330EAE62B61169400B1E62F /* Release */,
			);
			defaultConfigurationIsVisible = 0;
			defaultConfigurationName = Release;
		};
		8330EAE72B61169400B1E62F /* Build configuration list for PBXNativeTarget "studentchallenge-1UITests" */ = {
			isa = XCConfigurationList;
			buildConfigurations = (
				8330EAE82B61169400B1E62F /* Debug */,
				8330EAE92B61169400B1E62F /* Release */,
			);
			defaultConfigurationIsVisible = 0;
			defaultConfigurationName = Release;
		};
/* End XCConfigurationList section */
	};
	rootObject = 8330EAB42B61169300B1E62F /* Project object */;
}
